
Microsoft Visual Studio Solution File, Format Version 12.00
# Visual Studio Version 16
VisualStudioVersion = 16.0.31410.357
MinimumVisualStudioVersion = 10.0.40219.1
Project("{FAE04EC0-301F-11D3-BF4B-00C04F79EFBC}") = "SmoothLevelUp", "SmoothLevelUp.csproj", "{07E5B819-2DE1-43A2-A680-FD73F128B5F8}"
EndProject
Global
	GlobalSection(SolutionConfigurationPlatforms) = preSolution
		Debug|Any CPU = Debug|Any CPU
		Release|Any CPU = Release|Any CPU
	EndGlobalSection
	GlobalSection(ProjectConfigurationPlatforms) = postSolution
		{07E5B819-2DE1-43A2-A680-FD73F128B5F8}.Debug|Any CPU.ActiveCfg = Debug|Any CPU
		{07E5B819-2DE1-43A2-A680-FD73F128B5F8}.Debug|Any CPU.Build.0 = Debug|Any CPU
		{07E5B819-2DE1-43A2-A680-FD73F128B5F8}.Release|Any CPU.ActiveCfg = Release|Any CPU
		{07E5B819-2DE1-43A2-A680-FD73F128B5F8}.Release|Any CPU.Build.0 = Release|Any CPU
	EndGlobalSection
	GlobalSection(SolutionProperties) = preSolution
		HideSolutionNode = FALSE
	EndGlobalSection
	GlobalSection(ExtensibilityGlobals) = postSolution
		SolutionGuid = {668FF627-7978-49E5-AF1A-97A9460B92FA}
	EndGlobalSection
EndGlobal
